
Microsoft Visual Studio Solution File, Format Version 12.00
# Visual Studio 15
VisualStudioVersion = 15.0.27004.2010
MinimumVisualStudioVersion = 10.0.40219.1
Project("{E24C65DC-7377-472B-9ABA-BC803B73C61A}") = "CalendarSitev1.1", ".", "{7921EDEE-F46B-4B1B-A395-10302B99C80A}"
	ProjectSection(WebsiteProperties) = preProject
		TargetFrameworkMoniker = ".NETFramework,Version%3Dv4.0"
		Debug.AspNetCompiler.VirtualPath = "/localhost_64465"
		Debug.AspNetCompiler.PhysicalPath = "..\CalendarSitev1.1\"
		Debug.AspNetCompiler.TargetPath = "PrecompiledWeb\localhost_64465\"
		Debug.AspNetCompiler.Updateable = "true"
		Debug.AspNetCompiler.ForceOverwrite = "true"
		Debug.AspNetCompiler.FixedNames = "false"
		Debug.AspNetCompiler.Debug = "True"
		Release.AspNetCompiler.VirtualPath = "/localhost_64465"
		Release.AspNetCompiler.PhysicalPath = "..\CalendarSitev1.1\"
		Release.AspNetCompiler.TargetPath = "PrecompiledWeb\localhost_64465\"
		Release.AspNetCompiler.Updateable = "true"
		Release.AspNetCompiler.ForceOverwrite = "true"
		Release.AspNetCompiler.FixedNames = "false"
		Release.AspNetCompiler.Debug = "False"
		VWDPort = "64465"
		SlnRelativePath = "..\CalendarSitev1.1\"
	EndProjectSection
EndProject
Global
	GlobalSection(SolutionConfigurationPlatforms) = preSolution
		Debug|Any CPU = Debug|Any CPU
	EndGlobalSection
	GlobalSection(ProjectConfigurationPlatforms) = postSolution
		{7921EDEE-F46B-4B1B-A395-10302B99C80A}.Debug|Any CPU.ActiveCfg = Debug|Any CPU
		{7921EDEE-F46B-4B1B-A395-10302B99C80A}.Debug|Any CPU.Build.0 = Debug|Any CPU
	EndGlobalSection
	GlobalSection(SolutionProperties) = preSolution
		HideSolutionNode = FALSE
	EndGlobalSection
	GlobalSection(ExtensibilityGlobals) = postSolution
		SolutionGuid = {36C3AF68-00AE-4EE7-A1E9-3DD83D6B164B}
	EndGlobalSection
EndGlobal
