
Microsoft Visual Studio Solution File, Format Version 12.00
# Visual Studio 15
VisualStudioVersion = 15.0.26730.8
MinimumVisualStudioVersion = 10.0.40219.1
Project("{FAE04EC0-301F-11D3-BF4B-00C04F79EFBC}") = "DataGrid", "DataGrid\DataGrid.csproj", "{01758FB5-0651-4BD4-AF39-CFEC2493AF90}"
EndProject
Global
	GlobalSection(SolutionConfigurationPlatforms) = preSolution
		Debug|Any CPU = Debug|Any CPU
		Release|Any CPU = Release|Any CPU
	EndGlobalSection
	GlobalSection(ProjectConfigurationPlatforms) = postSolution
		{01758FB5-0651-4BD4-AF39-CFEC2493AF90}.Debug|Any CPU.ActiveCfg = Debug|Any CPU
		{01758FB5-0651-4BD4-AF39-CFEC2493AF90}.Debug|Any CPU.Build.0 = Debug|Any CPU
		{01758FB5-0651-4BD4-AF39-CFEC2493AF90}.Release|Any CPU.ActiveCfg = Release|Any CPU
		{01758FB5-0651-4BD4-AF39-CFEC2493AF90}.Release|Any CPU.Build.0 = Release|Any CPU
	EndGlobalSection
	GlobalSection(SolutionProperties) = preSolution
		HideSolutionNode = FALSE
	EndGlobalSection
	GlobalSection(ExtensibilityGlobals) = postSolution
		SolutionGuid = {05896855-2DB2-4EF8-8E8D-E666B3867DAD}
	EndGlobalSection
EndGlobal
