
Microsoft Visual Studio Solution File, Format Version 12.00
# Visual Studio 15
VisualStudioVersion = 15.0.26730.8
MinimumVisualStudioVersion = 10.0.40219.1
Project("{FAE04EC0-301F-11D3-BF4B-00C04F79EFBC}") = "CalcAssign", "CalcAssign\CalcAssign.csproj", "{24FF4284-7B86-4D03-8AF1-5597FDBE2213}"
EndProject
Global
	GlobalSection(SolutionConfigurationPlatforms) = preSolution
		Debug|Any CPU = Debug|Any CPU
		Release|Any CPU = Release|Any CPU
	EndGlobalSection
	GlobalSection(ProjectConfigurationPlatforms) = postSolution
		{24FF4284-7B86-4D03-8AF1-5597FDBE2213}.Debug|Any CPU.ActiveCfg = Debug|Any CPU
		{24FF4284-7B86-4D03-8AF1-5597FDBE2213}.Debug|Any CPU.Build.0 = Debug|Any CPU
		{24FF4284-7B86-4D03-8AF1-5597FDBE2213}.Release|Any CPU.ActiveCfg = Release|Any CPU
		{24FF4284-7B86-4D03-8AF1-5597FDBE2213}.Release|Any CPU.Build.0 = Release|Any CPU
	EndGlobalSection
	GlobalSection(SolutionProperties) = preSolution
		HideSolutionNode = FALSE
	EndGlobalSection
	GlobalSection(ExtensibilityGlobals) = postSolution
		SolutionGuid = {CA2140EE-452A-4AE1-8F82-BCD0AB29778C}
	EndGlobalSection
EndGlobal
