
Microsoft Visual Studio Solution File, Format Version 12.00
# Visual Studio 15
VisualStudioVersion = 15.0.26730.16
MinimumVisualStudioVersion = 10.0.40219.1
Project("{FAE04EC0-301F-11D3-BF4B-00C04F79EFBC}") = "WpfApp1", "WpfApp1\WpfApp1.csproj", "{351CB67C-C455-408D-8F8B-085EC9504329}"
EndProject
Global
	GlobalSection(SolutionConfigurationPlatforms) = preSolution
		Debug|Any CPU = Debug|Any CPU
		Release|Any CPU = Release|Any CPU
	EndGlobalSection
	GlobalSection(ProjectConfigurationPlatforms) = postSolution
		{351CB67C-C455-408D-8F8B-085EC9504329}.Debug|Any CPU.ActiveCfg = Debug|Any CPU
		{351CB67C-C455-408D-8F8B-085EC9504329}.Debug|Any CPU.Build.0 = Debug|Any CPU
		{351CB67C-C455-408D-8F8B-085EC9504329}.Release|Any CPU.ActiveCfg = Release|Any CPU
		{351CB67C-C455-408D-8F8B-085EC9504329}.Release|Any CPU.Build.0 = Release|Any CPU
	EndGlobalSection
	GlobalSection(SolutionProperties) = preSolution
		HideSolutionNode = FALSE
	EndGlobalSection
	GlobalSection(ExtensibilityGlobals) = postSolution
		SolutionGuid = {21ED54C6-2FF2-4E3B-A0FA-2633BFA46A1E}
	EndGlobalSection
EndGlobal
