
Microsoft Visual Studio Solution File, Format Version 12.00
# Visual Studio 15
VisualStudioVersion = 15.0.26730.8
MinimumVisualStudioVersion = 10.0.40219.1
Project("{FAE04EC0-301F-11D3-BF4B-00C04F79EFBC}") = "Paint", "Paint\Paint.csproj", "{DF0FF0D8-FE7B-4CFD-BF79-9CE6816DB431}"
EndProject
Global
	GlobalSection(SolutionConfigurationPlatforms) = preSolution
		Debug|Any CPU = Debug|Any CPU
		Release|Any CPU = Release|Any CPU
	EndGlobalSection
	GlobalSection(ProjectConfigurationPlatforms) = postSolution
		{DF0FF0D8-FE7B-4CFD-BF79-9CE6816DB431}.Debug|Any CPU.ActiveCfg = Debug|Any CPU
		{DF0FF0D8-FE7B-4CFD-BF79-9CE6816DB431}.Debug|Any CPU.Build.0 = Debug|Any CPU
		{DF0FF0D8-FE7B-4CFD-BF79-9CE6816DB431}.Release|Any CPU.ActiveCfg = Release|Any CPU
		{DF0FF0D8-FE7B-4CFD-BF79-9CE6816DB431}.Release|Any CPU.Build.0 = Release|Any CPU
	EndGlobalSection
	GlobalSection(SolutionProperties) = preSolution
		HideSolutionNode = FALSE
	EndGlobalSection
	GlobalSection(ExtensibilityGlobals) = postSolution
		SolutionGuid = {9C33E4D2-3E00-4D7E-B128-62F5C171208B}
	EndGlobalSection
EndGlobal
