
Microsoft Visual Studio Solution File, Format Version 12.00
# Visual Studio 15
VisualStudioVersion = 15.0.27004.2010
MinimumVisualStudioVersion = 10.0.40219.1
Project("{E24C65DC-7377-472B-9ABA-BC803B73C61A}") = "PCTAdvisingSchedule", "ftp://52.90.133.124/PCTAdvisingSchedule", "{79DC81BD-6659-4530-B4AD-DCBC06F8EE8D}"
	ProjectSection(WebsiteProperties) = preProject
		TargetFrameworkMoniker = ".NETFramework,Version%3Dv4.6.1"
		Debug.AspNetCompiler.VirtualPath = "/PCTAdvisingSchedule"
		Debug.AspNetCompiler.PhysicalPath = "..\..\..\..\..\..\AppData\Local\Temp\VWDWebCache\ftp_ec2-52-90-133-124.compute-1.amazonaws.com_PCTAdvisingSchedule_Ryan\"
		Debug.AspNetCompiler.TargetPath = "PrecompiledWeb\PCTAdvisingSchedule\"
		Debug.AspNetCompiler.Updateable = "true"
		Debug.AspNetCompiler.ForceOverwrite = "true"
		Debug.AspNetCompiler.FixedNames = "false"
		Debug.AspNetCompiler.Debug = "True"
		Release.AspNetCompiler.VirtualPath = "/PCTAdvisingSchedule"
		Release.AspNetCompiler.PhysicalPath = "..\..\..\..\..\..\AppData\Local\Temp\VWDWebCache\ftp_ec2-52-90-133-124.compute-1.amazonaws.com_PCTAdvisingSchedule_Ryan\"
		Release.AspNetCompiler.TargetPath = "PrecompiledWeb\PCTAdvisingSchedule\"
		Release.AspNetCompiler.Updateable = "true"
		Release.AspNetCompiler.ForceOverwrite = "true"
		Release.AspNetCompiler.FixedNames = "false"
		Release.AspNetCompiler.Debug = "False"
	EndProjectSection
EndProject
Global
	GlobalSection(SolutionConfigurationPlatforms) = preSolution
		Debug|Any CPU = Debug|Any CPU
	EndGlobalSection
	GlobalSection(ProjectConfigurationPlatforms) = postSolution
		{79DC81BD-6659-4530-B4AD-DCBC06F8EE8D}.Debug|Any CPU.ActiveCfg = Debug|Any CPU
		{79DC81BD-6659-4530-B4AD-DCBC06F8EE8D}.Debug|Any CPU.Build.0 = Debug|Any CPU
	EndGlobalSection
	GlobalSection(SolutionProperties) = preSolution
		HideSolutionNode = FALSE
	EndGlobalSection
	GlobalSection(ExtensibilityGlobals) = postSolution
		SolutionGuid = {9FAAC566-F1C5-4BD8-9DA9-65911225DF6B}
	EndGlobalSection
EndGlobal
